{
  "lockfile-version": 1,
  "manifest": {
    "version": 1,
    "install": {
      "dasel": {
        "pkg-path": "dasel"
      },
      "kustomize": {
        "pkg-path": "kustomize"
      },
      "remake": {
        "pkg-path": "remake"
      },
      "yq-go": {
        "pkg-path": "yq-go"
      }
    },
    "hook": {},
    "profile": {},
    "options": {}
  },
  "packages": [
    {
      "attr_path": "dasel",
      "broken": false,
      "derivation": "/nix/store/brxhhbb6m3cc0pb8mzgazqjqxbndxsdy-dasel-2.8.1.drv",
      "description": "Query and update data structures from the command line",
      "install_id": "dasel",
      "license": "MIT",
      "locked_url": "https://github.com/flox/nixpkgs?rev=addf7cf5f383a3101ecfba091b98d0a1263dc9b8",
      "name": "dasel-2.8.1",
      "pname": "dasel",
      "rev": "addf7cf5f383a3101ecfba091b98d0a1263dc9b8",
      "rev_count": 908783,
      "rev_date": "2025-12-08T09:27:56Z",
      "scrape_date": "2025-12-10T02:54:44.116729Z",
      "stabilities": [
        "unstable"
      ],
      "unfree": false,
      "version": "2.8.1",
      "outputs_to_install": [
        "out"
      ],
      "outputs": {
        "out": "/nix/store/cdyi2m3793s4f2pwk386hmf4mibjc01s-dasel-2.8.1"
      },
      "system": "aarch64-darwin",
      "group": "toplevel",
      "priority": 5
    },
    {
      "attr_path": "dasel",
      "broken": false,
      "derivation": "/nix/store/z022w710xfnahj059qhd359hid94h2zs-dasel-2.8.1.drv",
      "description": "Query and update data structures from the command line",
      "install_id": "dasel",
      "license": "MIT",
      "locked_url": "https://github.com/flox/nixpkgs?rev=addf7cf5f383a3101ecfba091b98d0a1263dc9b8",
      "name": "dasel-2.8.1",
      "pname": "dasel",
      "rev": "addf7cf5f383a3101ecfba091b98d0a1263dc9b8",
      "rev_count": 908783,
      "rev_date": "2025-12-08T09:27:56Z",
      "scrape_date": "2025-12-10T03:03:54.670514Z",
      "stabilities": [
        "unstable"
      ],
      "unfree": false,
      "version": "2.8.1",
      "outputs_to_install": [
        "out"
      ],
      "outputs": {
        "out": "/nix/store/s8yak46drdhgzjqcfl9cy2s4ybxx0jjf-dasel-2.8.1"
      },
      "system": "aarch64-linux",
      "group": "toplevel",
      "priority": 5
    },
    {
      "attr_path": "dasel",
      "broken": false,
      "derivation": "/nix/store/3aaxaycbnljzvrd1nlakdbg79zgvmkzq-dasel-2.8.1.drv",
      "description": "Query and update data structures from the command line",
      "install_id": "dasel",
      "license": "MIT",
      "locked_url": "https://github.com/flox/nixpkgs?rev=addf7cf5f383a3101ecfba091b98d0a1263dc9b8",
      "name": "dasel-2.8.1",
      "pname": "dasel",
      "rev": "addf7cf5f383a3101ecfba091b98d0a1263dc9b8",
      "rev_count": 908783,
      "rev_date": "2025-12-08T09:27:56Z",
      "scrape_date": "2025-12-10T03:13:58.028299Z",
      "stabilities": [
        "unstable"
      ],
      "unfree": false,
      "version": "2.8.1",
      "outputs_to_install": [
        "out"
      ],
      "outputs": {
        "out": "/nix/store/fb860ky944rxlmvwsx9myynd8s82xwjp-dasel-2.8.1"
      },
      "system": "x86_64-darwin",
      "group": "toplevel",
      "priority": 5
    },
    {
      "attr_path": "dasel",
      "broken": false,
      "derivation": "/nix/store/j4rinrhrx652gqk6pvryk49chk65l35p-dasel-2.8.1.drv",
      "description": "Query and update data structures from the command line",
      "install_id": "dasel",
      "license": "MIT",
      "locked_url": "https://github.com/flox/nixpkgs?rev=addf7cf5f383a3101ecfba091b98d0a1263dc9b8",
      "name": "dasel-2.8.1",
      "pname": "dasel",
      "rev": "addf7cf5f383a3101ecfba091b98d0a1263dc9b8",
      "rev_count": 908783,
      "rev_date": "2025-12-08T09:27:56Z",
      "scrape_date": "2025-12-10T03:23:17.986134Z",
      "stabilities": [
        "unstable"
      ],
      "unfree": false,
      "version": "2.8.1",
      "outputs_to_install": [
        "out"
      ],
      "outputs": {
        "out": "/nix/store/27dy5lbjgshlypkizc6vrhmywczdp5xd-dasel-2.8.1"
      },
      "system": "x86_64-linux",
      "group": "toplevel",
      "priority": 5
    },
    {
      "attr_path": "kustomize",
      "broken": false,
      "derivation": "/nix/store/3jk8qfbzqj4yfdb0s4cpdhp8syhzdwaq-kustomize-5.8.0.drv",
      "description": "Customization of kubernetes YAML configurations",
      "install_id": "kustomize",
      "license": "Apache-2.0",
      "locked_url": "https://github.com/flox/nixpkgs?rev=addf7cf5f383a3101ecfba091b98d0a1263dc9b8",
      "name": "kustomize-5.8.0",
      "pname": "kustomize",
      "rev": "addf7cf5f383a3101ecfba091b98d0a1263dc9b8",
      "rev_count": 908783,
      "rev_date": "2025-12-08T09:27:56Z",
      "scrape_date": "2025-12-10T02:54:59.330314Z",
      "stabilities": [
        "unstable"
      ],
      "unfree": false,
      "version": "5.8.0",
      "outputs_to_install": [
        "out"
      ],
      "outputs": {
        "out": "/nix/store/bfpk7qk50w5p8zxal5v9xxw26wsx1xp4-kustomize-5.8.0"
      },
      "system": "aarch64-darwin",
      "group": "toplevel",
      "priority": 5
    },
    {
      "attr_path": "kustomize",
      "broken": false,
      "derivation": "/nix/store/c2d1z8ppk69aic285g3xh5g44fj79lia-kustomize-5.8.0.drv",
      "description": "Customization of kubernetes YAML configurations",
      "install_id": "kustomize",
      "license": "Apache-2.0",
      "locked_url": "https://github.com/flox/nixpkgs?rev=addf7cf5f383a3101ecfba091b98d0a1263dc9b8",
      "name": "kustomize-5.8.0",
      "pname": "kustomize",
      "rev": "addf7cf5f383a3101ecfba091b98d0a1263dc9b8",
      "rev_count": 908783,
      "rev_date": "2025-12-08T09:27:56Z",
      "scrape_date": "2025-12-10T03:04:17.179029Z",
      "stabilities": [
        "unstable"
      ],
      "unfree": false,
      "version": "5.8.0",
      "outputs_to_install": [
        "out"
      ],
      "outputs": {
        "out": "/nix/store/771gd7nr0v7wb47ap90k4ig0mzb9cqdk-kustomize-5.8.0"
      },
      "system": "aarch64-linux",
      "group": "toplevel",
      "priority": 5
    },
    {
      "attr_path": "kustomize",
      "broken": false,
      "derivation": "/nix/store/6zrz162jd7jmbsbgn7j4sa2h7i8z7p9f-kustomize-5.8.0.drv",
      "description": "Customization of kubernetes YAML configurations",
      "install_id": "kustomize",
      "license": "Apache-2.0",
      "locked_url": "https://github.com/flox/nixpkgs?rev=addf7cf5f383a3101ecfba091b98d0a1263dc9b8",
      "name": "kustomize-5.8.0",
      "pname": "kustomize",
      "rev": "addf7cf5f383a3101ecfba091b98d0a1263dc9b8",
      "rev_count": 908783,
      "rev_date": "2025-12-08T09:27:56Z",
      "scrape_date": "2025-12-10T03:14:13.750472Z",
      "stabilities": [
        "unstable"
      ],
      "unfree": false,
      "version": "5.8.0",
      "outputs_to_install": [
        "out"
      ],
      "outputs": {
        "out": "/nix/store/l46dlgypv437c599870klhqwf3d7i63j-kustomize-5.8.0"
      },
      "system": "x86_64-darwin",
      "group": "toplevel",
      "priority": 5
    },
    {
      "attr_path": "kustomize",
      "broken": false,
      "derivation": "/nix/store/2vv8an66jlj1gr097ralm54iskmmn774-kustomize-5.8.0.drv",
      "description": "Customization of kubernetes YAML configurations",
      "install_id": "kustomize",
      "license": "Apache-2.0",
      "locked_url": "https://github.com/flox/nixpkgs?rev=addf7cf5f383a3101ecfba091b98d0a1263dc9b8",
      "name": "kustomize-5.8.0",
      "pname": "kustomize",
      "rev": "addf7cf5f383a3101ecfba091b98d0a1263dc9b8",
      "rev_count": 908783,
      "rev_date": "2025-12-08T09:27:56Z",
      "scrape_date": "2025-12-10T03:23:41.020040Z",
      "stabilities": [
        "unstable"
      ],
      "unfree": false,
      "version": "5.8.0",
      "outputs_to_install": [
        "out"
      ],
      "outputs": {
        "out": "/nix/store/wa0z5dbcpm2zr2d51dn4ggngvvh17pk3-kustomize-5.8.0"
      },
      "system": "x86_64-linux",
      "group": "toplevel",
      "priority": 5
    },
    {
      "attr_path": "remake",
      "broken": false,
      "derivation": "/nix/store/wz5y1gvm38jzw67q6mbrncx24a1xjxns-remake-4.3+dbg-1.6.drv",
      "description": "GNU Make with comprehensible tracing and a debugger",
      "install_id": "remake",
      "license": "GPL-3.0-or-later",
      "locked_url": "https://github.com/flox/nixpkgs?rev=addf7cf5f383a3101ecfba091b98d0a1263dc9b8",
      "name": "remake-4.3+dbg-1.6",
      "pname": "remake",
      "rev": "addf7cf5f383a3101ecfba091b98d0a1263dc9b8",
      "rev_count": 908783,
      "rev_date": "2025-12-08T09:27:56Z",
      "scrape_date": "2025-12-10T02:56:03.644194Z",
      "stabilities": [
        "unstable"
      ],
      "unfree": false,
      "version": "1.6",
      "outputs_to_install": [
        "out"
      ],
      "outputs": {
        "out": "/nix/store/m5k5sxh22az7akz7f6drj310yb02rgjm-remake-4.3+dbg-1.6"
      },
      "system": "aarch64-darwin",
      "group": "toplevel",
      "priority": 5
    },
    {
      "attr_path": "remake",
      "broken": false,
      "derivation": "/nix/store/4ij7yad0a2rfpbnc0kij9vdyvwyq4z15-remake-4.3+dbg-1.6.drv",
      "description": "GNU Make with comprehensible tracing and a debugger",
      "install_id": "remake",
      "license": "GPL-3.0-or-later",
      "locked_url": "https://github.com/flox/nixpkgs?rev=addf7cf5f383a3101ecfba091b98d0a1263dc9b8",
      "name": "remake-4.3+dbg-1.6",
      "pname": "remake",
      "rev": "addf7cf5f383a3101ecfba091b98d0a1263dc9b8",
      "rev_count": 908783,
      "rev_date": "2025-12-08T09:27:56Z",
      "scrape_date": "2025-12-10T03:05:55.444747Z",
      "stabilities": [
        "unstable"
      ],
      "unfree": false,
      "version": "1.6",
      "outputs_to_install": [
        "out"
      ],
      "outputs": {
        "out": "/nix/store/bkwq1phahl7jc7x09g14qvg2xn5rxvb8-remake-4.3+dbg-1.6"
      },
      "system": "aarch64-linux",
      "group": "toplevel",
      "priority": 5
    },
    {
      "attr_path": "remake",
      "broken": false,
      "derivation": "/nix/store/ji8n33ciszdc7d4hgqjvpgl0prrhb5hx-remake-4.3+dbg-1.6.drv",
      "description": "GNU Make with comprehensible tracing and a debugger",
      "install_id": "remake",
      "license": "GPL-3.0-or-later",
      "locked_url": "https://github.com/flox/nixpkgs?rev=addf7cf5f383a3101ecfba091b98d0a1263dc9b8",
      "name": "remake-4.3+dbg-1.6",
      "pname": "remake",
      "rev": "addf7cf5f383a3101ecfba091b98d0a1263dc9b8",
      "rev_count": 908783,
      "rev_date": "2025-12-08T09:27:56Z",
      "scrape_date": "2025-12-10T03:15:24.082044Z",
      "stabilities": [
        "unstable"
      ],
      "unfree": false,
      "version": "1.6",
      "outputs_to_install": [
        "out"
      ],
      "outputs": {
        "out": "/nix/store/rccvkd2dcp7bb5wvd6yfkackkmm3ccbn-remake-4.3+dbg-1.6"
      },
      "system": "x86_64-darwin",
      "group": "toplevel",
      "priority": 5
    },
    {
      "attr_path": "remake",
      "broken": false,
      "derivation": "/nix/store/x0jr6c73bdg1s2brk3k81v0zq3sgwf7k-remake-4.3+dbg-1.6.drv",
      "description": "GNU Make with comprehensible tracing and a debugger",
      "install_id": "remake",
      "license": "GPL-3.0-or-later",
      "locked_url": "https://github.com/flox/nixpkgs?rev=addf7cf5f383a3101ecfba091b98d0a1263dc9b8",
      "name": "remake-4.3+dbg-1.6",
      "pname": "remake",
      "rev": "addf7cf5f383a3101ecfba091b98d0a1263dc9b8",
      "rev_count": 908783,
      "rev_date": "2025-12-08T09:27:56Z",
      "scrape_date": "2025-12-10T03:25:23.385349Z",
      "stabilities": [
        "unstable"
      ],
      "unfree": false,
      "version": "1.6",
      "outputs_to_install": [
        "out"
      ],
      "outputs": {
        "out": "/nix/store/r6ly5wf5crrq4lm7db0gj1n1iscxw0dz-remake-4.3+dbg-1.6"
      },
      "system": "x86_64-linux",
      "group": "toplevel",
      "priority": 5
    },
    {
      "attr_path": "yq-go",
      "broken": false,
      "derivation": "/nix/store/g8ank037hgi9dzr2npnvn1w9rxa3f84h-yq-go-4.49.2.drv",
      "description": "Portable command-line YAML processor",
      "install_id": "yq-go",
      "license": "[ MIT ]",
      "locked_url": "https://github.com/flox/nixpkgs?rev=addf7cf5f383a3101ecfba091b98d0a1263dc9b8",
      "name": "yq-go-4.49.2",
      "pname": "yq-go",
      "rev": "addf7cf5f383a3101ecfba091b98d0a1263dc9b8",
      "rev_count": 908783,
      "rev_date": "2025-12-08T09:27:56Z",
      "scrape_date": "2025-12-10T02:57:12.805964Z",
      "stabilities": [
        "unstable"
      ],
      "unfree": false,
      "version": "4.49.2",
      "outputs_to_install": [
        "out"
      ],
      "outputs": {
        "out": "/nix/store/ns352ypll7mdkzjksvjpabcag07cgnig-yq-go-4.49.2"
      },
      "system": "aarch64-darwin",
      "group": "toplevel",
      "priority": 5
    },
    {
      "attr_path": "yq-go",
      "broken": false,
      "derivation": "/nix/store/nq2lra7grrizvjgcrvgbfd63a0gakgvk-yq-go-4.49.2.drv",
      "description": "Portable command-line YAML processor",
      "install_id": "yq-go",
      "license": "[ MIT ]",
      "locked_url": "https://github.com/flox/nixpkgs?rev=addf7cf5f383a3101ecfba091b98d0a1263dc9b8",
      "name": "yq-go-4.49.2",
      "pname": "yq-go",
      "rev": "addf7cf5f383a3101ecfba091b98d0a1263dc9b8",
      "rev_count": 908783,
      "rev_date": "2025-12-08T09:27:56Z",
      "scrape_date": "2025-12-10T03:07:31.440820Z",
      "stabilities": [
        "unstable"
      ],
      "unfree": false,
      "version": "4.49.2",
      "outputs_to_install": [
        "out"
      ],
      "outputs": {
        "out": "/nix/store/pq3as14jxf4akw32dd9aj1zjwpb4mxj8-yq-go-4.49.2"
      },
      "system": "aarch64-linux",
      "group": "toplevel",
      "priority": 5
    },
    {
      "attr_path": "yq-go",
      "broken": false,
      "derivation": "/nix/store/iyfvb8z5c1mzc34j554wzaqw1c52kz87-yq-go-4.49.2.drv",
      "description": "Portable command-line YAML processor",
      "install_id": "yq-go",
      "license": "[ MIT ]",
      "locked_url": "https://github.com/flox/nixpkgs?rev=addf7cf5f383a3101ecfba091b98d0a1263dc9b8",
      "name": "yq-go-4.49.2",
      "pname": "yq-go",
      "rev": "addf7cf5f383a3101ecfba091b98d0a1263dc9b8",
      "rev_count": 908783,
      "rev_date": "2025-12-08T09:27:56Z",
      "scrape_date": "2025-12-10T03:16:40.018224Z",
      "stabilities": [
        "unstable"
      ],
      "unfree": false,
      "version": "4.49.2",
      "outputs_to_install": [
        "out"
      ],
      "outputs": {
        "out": "/nix/store/vrhj26nn9zhfsv9dkca7igrp3gxn2sh7-yq-go-4.49.2"
      },
      "system": "x86_64-darwin",
      "group": "toplevel",
      "priority": 5
    },
    {
      "attr_path": "yq-go",
      "broken": false,
      "derivation": "/nix/store/sk47a8j69p4hdn9hd8dnw9viq56zlkdb-yq-go-4.49.2.drv",
      "description": "Portable command-line YAML processor",
      "install_id": "yq-go",
      "license": "[ MIT ]",
      "locked_url": "https://github.com/flox/nixpkgs?rev=addf7cf5f383a3101ecfba091b98d0a1263dc9b8",
      "name": "yq-go-4.49.2",
      "pname": "yq-go",
      "rev": "addf7cf5f383a3101ecfba091b98d0a1263dc9b8",
      "rev_count": 908783,
      "rev_date": "2025-12-08T09:27:56Z",
      "scrape_date": "2025-12-10T03:27:02.691392Z",
      "stabilities": [
        "unstable"
      ],
      "unfree": false,
      "version": "4.49.2",
      "outputs_to_install": [
        "out"
      ],
      "outputs": {
        "out": "/nix/store/32jpbsfbd1s6n0aqbpbbm89ch20pwb15-yq-go-4.49.2"
      },
      "system": "x86_64-linux",
      "group": "toplevel",
      "priority": 5
    }
  ]
}